
Microsoft Visual Studio Solution File, Format Version 12.00
# Visual Studio Version 16
VisualStudioVersion = 16.0.29009.5
MinimumVisualStudioVersion = 10.0.40219.1
Project("{FAE04EC0-301F-11D3-BF4B-00C04F79EFBC}") = "BattMan", "BattMan\BattMan.csproj", "{F2AB3D4A-62C5-4175-BDEA-C3F740108155}"
EndProject
Global
	GlobalSection(SolutionConfigurationPlatforms) = preSolution
		Debug|Any CPU = Debug|Any CPU
		Release|Any CPU = Release|Any CPU
	EndGlobalSection
	GlobalSection(ProjectConfigurationPlatforms) = postSolution
		{F2AB3D4A-62C5-4175-BDEA-C3F740108155}.Debug|Any CPU.ActiveCfg = Debug|Any CPU
		{F2AB3D4A-62C5-4175-BDEA-C3F740108155}.Debug|Any CPU.Build.0 = Debug|Any CPU
		{F2AB3D4A-62C5-4175-BDEA-C3F740108155}.Release|Any CPU.ActiveCfg = Release|Any CPU
		{F2AB3D4A-62C5-4175-BDEA-C3F740108155}.Release|Any CPU.Build.0 = Release|Any CPU
	EndGlobalSection
	GlobalSection(SolutionProperties) = preSolution
		HideSolutionNode = FALSE
	EndGlobalSection
	GlobalSection(ExtensibilityGlobals) = postSolution
		SolutionGuid = {354057DC-F1E3-4B3D-A105-A29758598DFB}
	EndGlobalSection
EndGlobal
